
Microsoft Visual Studio Solution File, Format Version 12.00
# Visual Studio Version 16
VisualStudioVersion = 16.0.30621.155
MinimumVisualStudioVersion = 10.0.40219.1
Project("{FAE04EC0-301F-11D3-BF4B-00C04F79EFBC}") = "Challenge_Respond_Login", "Challenge_Respond_Login.csproj", "{7CF56A76-3EFA-4696-9086-544C15C9D470}"
EndProject
Global
	GlobalSection(SolutionConfigurationPlatforms) = preSolution
		Debug|Any CPU = Debug|Any CPU
		Release|Any CPU = Release|Any CPU
	EndGlobalSection
	GlobalSection(ProjectConfigurationPlatforms) = postSolution
		{7CF56A76-3EFA-4696-9086-544C15C9D470}.Debug|Any CPU.ActiveCfg = Debug|Any CPU
		{7CF56A76-3EFA-4696-9086-544C15C9D470}.Debug|Any CPU.Build.0 = Debug|Any CPU
		{7CF56A76-3EFA-4696-9086-544C15C9D470}.Release|Any CPU.ActiveCfg = Release|Any CPU
		{7CF56A76-3EFA-4696-9086-544C15C9D470}.Release|Any CPU.Build.0 = Release|Any CPU
	EndGlobalSection
	GlobalSection(SolutionProperties) = preSolution
		HideSolutionNode = FALSE
	EndGlobalSection
	GlobalSection(ExtensibilityGlobals) = postSolution
		SolutionGuid = {C88C5760-CCEB-47B7-ACF4-C3A28BBFC13E}
	EndGlobalSection
EndGlobal
